# THIS IS AN AUTOGENERATED FILE. DO NOT EDIT THIS FILE DIRECTLY.
# yarn lockfile v1


"@prettier/plugin-xml@^0.12.0":
  version "0.12.0"
  resolved "https://registry.npmjs.org/@prettier/plugin-xml/-/plugin-xml-0.12.0.tgz"
  integrity sha512-196oXlmim2SiqeG1jQO5aS/nChI85DvyfIQTBkOiVHHev2j15x4TVxOMGAWHkqdlD8pmCg/KmX8SfFIyT2L7tA==
  dependencies:
    "@xml-tools/parser" "^1.0.2"
    prettier ">=1.10"

"@types/linkify-it@*":
  version "3.0.5"
  resolved "https://registry.npmjs.org/@types/linkify-it/-/linkify-it-3.0.5.tgz"
  integrity sha512-yg6E+u0/+Zjva+buc3EIb+29XEg4wltq7cSmd4Uc2EE/1nUVmxyzpX6gUXD0V8jIrG0r7YeOGVIbYRkxeooCtw==

"@types/markdown-it@^13.0.7":
  version "13.0.7"
  resolved "https://registry.npmjs.org/@types/markdown-it/-/markdown-it-13.0.7.tgz"
  integrity sha512-U/CBi2YUUcTHBt5tjO2r5QV/x0Po6nsYwQU4Y04fBS6vfoImaiZ6f8bi3CjTCxBPQSO1LMyUqkByzi8AidyxfA==
  dependencies:
    "@types/linkify-it" "*"
    "@types/mdurl" "*"

"@types/mdurl@*":
  version "1.0.5"
  resolved "https://registry.npmjs.org/@types/mdurl/-/mdurl-1.0.5.tgz"
  integrity sha512-6L6VymKTzYSrEf4Nev4Xa1LCHKrlTlYCBMTlQKFuddo1CvQcE52I0mwfOJayueUC7MJuXOeHTcIU683lzd0cUA==

"@types/prettier@^2.7.3":
  version "2.7.3"
  resolved "https://registry.npmjs.org/@types/prettier/-/prettier-2.7.3.tgz"
  integrity sha512-+68kP9yzs4LMp7VNh8gdzMSPZFL44MLGqiHWvttYJe+6qnuVr4Ek9wSBQoveqY/r+LwjCcU29kNVkidwim+kYA==

"@xml-tools/parser@^1.0.2":
  version "1.0.7"
  resolved "https://registry.npmjs.org/@xml-tools/parser/-/parser-1.0.7.tgz"
  integrity sha512-mdjG4dWj4zaubxWAgr0YMNkZr182aHek5xrpDqgITNnGf+E8FhvAmCU95QiL9+pGjqK8Qfd+qnuer9f8KELRyQ==
  dependencies:
    chevrotain "7.0.1"

"@xmldom/xmldom@^0.8.10":
  version "0.8.10"
  resolved "https://registry.npmjs.org/@xmldom/xmldom/-/xmldom-0.8.10.tgz"
  integrity sha512-2WALfTl4xo2SkGCYRt6rDTFfk9R1czmBvUQy12gK2KuRKIpWEhcbbzy8EZXtz/jkRqHX8bFEc6FC1HjX4TUWYw==

argparse@^2.0.1:
  version "2.0.1"
  resolved "https://registry.npmjs.org/argparse/-/argparse-2.0.1.tgz"
  integrity sha512-8+9WqebbFzpX9OR+Wa6O29asIogeRMzcGtAINdpMHHyAg10f05aSFVBbcEqGf/PXw1EjAZ+q2/bEBg3DvurK3Q==

chevrotain@7.0.1:
  version "7.0.1"
  resolved "https://registry.npmjs.org/chevrotain/-/chevrotain-7.0.1.tgz"
  integrity sha512-B/44jrdw5GAzy483LEeVSgXSX0qOYM8lUd3l5+yf6Vl6OQjEUCm2BUiYbHRCIK6xCEvCLAFe1kj8uyV6+zdaVw==
  dependencies:
    regexp-to-ast "0.5.0"

entities@^4.4.0:
  version "4.5.0"
  resolved "https://registry.npmjs.org/entities/-/entities-4.5.0.tgz"
  integrity sha512-V0hjH4dGPh9Ao5p0MoRY6BVqtwCjhz6vI5LT8AJ55H+4g9/4vbHx1I54fS0XuclLhDHArPQCiMjDxjaL8fPxhw==

linkify-it@^5.0.0:
  version "5.0.0"
  resolved "https://registry.npmjs.org/linkify-it/-/linkify-it-5.0.0.tgz"
  integrity sha512-5aHCbzQRADcdP+ATqnDuhhJ/MRIqDkZX5pyjFHRRysS8vZ5AbqGEoFIb6pYHPZ+L/OC2Lc+xT8uHVVR5CAK/wQ==
  dependencies:
    uc.micro "^2.0.0"

markdown-it@^14.0.0:
  version "14.0.0"
  resolved "https://registry.npmjs.org/markdown-it/-/markdown-it-14.0.0.tgz"
  integrity sha512-seFjF0FIcPt4P9U39Bq1JYblX0KZCjDLFFQPHpL5AzHpqPEKtosxmdq/LTVZnjfH7tjt9BxStm+wXcDBNuYmzw==
  dependencies:
    argparse "^2.0.1"
    entities "^4.4.0"
    linkify-it "^5.0.0"
    mdurl "^2.0.0"
    punycode.js "^2.3.1"
    uc.micro "^2.0.0"

mdurl@^2.0.0:
  version "2.0.0"
  resolved "https://registry.npmjs.org/mdurl/-/mdurl-2.0.0.tgz"
  integrity sha512-Lf+9+2r+Tdp5wXDXC4PcIBjTDtq4UKjCPMQhKIuzpJNW0b96kVqSwW0bT7FhRSfmAiFYgP+SCRvdrDozfh0U5w==

prettier@^2.8.8, prettier@>=1.10:
  version "2.8.8"
  resolved "https://registry.npmjs.org/prettier/-/prettier-2.8.8.tgz"
  integrity sha512-tdN8qQGvNjw4CHbY+XXk0JgCXn9QiF21a55rBe5LJAU+kDyC4WQn4+awm2Xfk2lQMk5fKup9XgzTZtGkjBdP9Q==

punycode.js@^2.3.1:
  version "2.3.1"
  resolved "https://registry.npmjs.org/punycode.js/-/punycode.js-2.3.1.tgz"
  integrity sha512-uxFIHU0YlHYhDQtV4R9J6a52SLx28BCjT+4ieh7IGbgwVJWO+km431c4yRlREUAsAmt/uMjQUyQHNEPf0M39CA==

regexp-to-ast@0.5.0:
  version "0.5.0"
  resolved "https://registry.npmjs.org/regexp-to-ast/-/regexp-to-ast-0.5.0.tgz"
  integrity sha512-tlbJqcMHnPKI9zSrystikWKwHkBqu2a/Sgw01h3zFjvYrMxEDYHzzoMZnUrbIfpTFEsoRnnviOXNCzFiSc54Qw==

ts-debounce@^2.3.0:
  version "2.3.0"
  resolved "https://registry.npmjs.org/ts-debounce/-/ts-debounce-2.3.0.tgz"
  integrity sha512-j63IP7/unAzovrhVHE7U+fNkvDKwIaLH11dCO9TcRbYOZw1chPL054poqq3ZloyRJ5KwJMeB8csN/vGPPpQJjw==

uc.micro@^2.0.0:
  version "2.0.0"
  resolved "https://registry.npmjs.org/uc.micro/-/uc.micro-2.0.0.tgz"
  integrity sha512-DffL94LsNOccVn4hyfRe5rdKa273swqeA5DJpMOeFmEn1wCDc7nAbbB0gXlgBCL7TNzeTv6G7XVWzan7iJtfig==

xpath@0.0.29:
  version "0.0.29"
  resolved "https://registry.npmjs.org/xpath/-/xpath-0.0.29.tgz"
  integrity sha512-W6vSxu0tmHCW01EwDXx45/BAAl8lBJjcRB6eSswMuycOVbUkYskG3W1LtCxcesVel/RaNe/pxtd3FWLiqHGweA==
